
Microsoft Visual Studio Solution File, Format Version 12.00
# Visual Studio Version 17
VisualStudioVersion = 17.2.32630.192
MinimumVisualStudioVersion = 10.0.40219.1
Project("{8BC9CEB8-8B4A-11D0-8D11-00A0C91BC942}") = "EGB", "EGB\EGB.vcxproj", "{7EA85EBA-735B-4010-A6A8-E222419F6BF5}"
EndProject
Project("{8BC9CEB8-8B4A-11D0-8D11-00A0C91BC942}") = "EGBTest", "EGBTest\EGBTest.vcxproj", "{4AF048F4-B353-4282-986D-11636329856B}"
EndProject
Global
	GlobalSection(SolutionConfigurationPlatforms) = preSolution
		Debug|x64 = Debug|x64
		Debug|x86 = Debug|x86
		Release|x64 = Release|x64
		Release|x86 = Release|x86
	EndGlobalSection
	GlobalSection(ProjectConfigurationPlatforms) = postSolution
		{7EA85EBA-735B-4010-A6A8-E222419F6BF5}.Debug|x64.ActiveCfg = Debug|x64
		{7EA85EBA-735B-4010-A6A8-E222419F6BF5}.Debug|x64.Build.0 = Debug|x64
		{7EA85EBA-735B-4010-A6A8-E222419F6BF5}.Debug|x86.ActiveCfg = Debug|Win32
		{7EA85EBA-735B-4010-A6A8-E222419F6BF5}.Debug|x86.Build.0 = Debug|Win32
		{7EA85EBA-735B-4010-A6A8-E222419F6BF5}.Release|x64.ActiveCfg = Release|x64
		{7EA85EBA-735B-4010-A6A8-E222419F6BF5}.Release|x64.Build.0 = Release|x64
		{7EA85EBA-735B-4010-A6A8-E222419F6BF5}.Release|x86.ActiveCfg = Release|Win32
		{7EA85EBA-735B-4010-A6A8-E222419F6BF5}.Release|x86.Build.0 = Release|Win32
		{4AF048F4-B353-4282-986D-11636329856B}.Debug|x64.ActiveCfg = Debug|x64
		{4AF048F4-B353-4282-986D-11636329856B}.Debug|x64.Build.0 = Debug|x64
		{4AF048F4-B353-4282-986D-11636329856B}.Debug|x86.ActiveCfg = Debug|Win32
		{4AF048F4-B353-4282-986D-11636329856B}.Debug|x86.Build.0 = Debug|Win32
		{4AF048F4-B353-4282-986D-11636329856B}.Release|x64.ActiveCfg = Release|x64
		{4AF048F4-B353-4282-986D-11636329856B}.Release|x64.Build.0 = Release|x64
		{4AF048F4-B353-4282-986D-11636329856B}.Release|x86.ActiveCfg = Release|Win32
		{4AF048F4-B353-4282-986D-11636329856B}.Release|x86.Build.0 = Release|Win32
	EndGlobalSection
	GlobalSection(SolutionProperties) = preSolution
		HideSolutionNode = FALSE
	EndGlobalSection
	GlobalSection(ExtensibilityGlobals) = postSolution
		SolutionGuid = {6247B170-93B8-4AB1-8CCC-7E93614D8CCD}
	EndGlobalSection
EndGlobal
